# This file is generated by running "yarn install" inside your project.
# Manual changes might be lost - proceed with caution!

__metadata:
  version: 6
  cacheKey: 8

"my-wks@workspace:my-wks":
  version: 0.0.0-use.local
  resolution: "my-wks@workspace:my-wks"
  dependencies:
    window-classlist: 0.0.4
  languageName: unknown
  linkType: soft

"root@workspace:.":
  version: 0.0.0-use.local
  resolution: "root@workspace:."
  languageName: unknown
  linkType: soft

"trim@npm:1.0.1":
  version: 1.0.1
  resolution: "trim@npm:1.0.1"
  checksum: d7593f72edc1738218e94deeff54a9b81cb52b6448ef8a4d20015bd4581dadc3a636553fb06b1ab36d14e3803fd3138bd2b6da555de926abed33b0ae24f92879
  languageName: node
  linkType: hard

"window-classlist@npm:0.0.4":
  version: 0.0.4
  resolution: "window-classlist@npm:0.0.4"
  dependencies:
    trim: 0.0.1
  checksum: f3520bf18a32551820c8c9e9afdef9df8555f8f12eb5575d83a708ad44a8d89d69cff17db0426768395d21a5e3ce15798767500522c7286b5e2991301559e330
  languageName: node
  linkType: hard
